
Microsoft Visual Studio Solution File, Format Version 12.00
# Visual Studio Version 16
VisualStudioVersion = 16.0.30709.132
MinimumVisualStudioVersion = 10.0.40219.1
Project("{FAE04EC0-301F-11D3-BF4B-00C04F79EFBC}") = "TestChatBubble", "TestChatBubble\TestChatBubble.csproj", "{3763569C-FDDA-4A8C-9488-4778E5173967}"
EndProject
Global
	GlobalSection(SolutionConfigurationPlatforms) = preSolution
		Debug|Any CPU = Debug|Any CPU
		Release|Any CPU = Release|Any CPU
	EndGlobalSection
	GlobalSection(ProjectConfigurationPlatforms) = postSolution
		{3763569C-FDDA-4A8C-9488-4778E5173967}.Debug|Any CPU.ActiveCfg = Debug|Any CPU
		{3763569C-FDDA-4A8C-9488-4778E5173967}.Debug|Any CPU.Build.0 = Debug|Any CPU
		{3763569C-FDDA-4A8C-9488-4778E5173967}.Release|Any CPU.ActiveCfg = Release|Any CPU
		{3763569C-FDDA-4A8C-9488-4778E5173967}.Release|Any CPU.Build.0 = Release|Any CPU
	EndGlobalSection
	GlobalSection(SolutionProperties) = preSolution
		HideSolutionNode = FALSE
	EndGlobalSection
	GlobalSection(ExtensibilityGlobals) = postSolution
		SolutionGuid = {44B3D904-947F-4BE4-942C-E2D24E419CAA}
	EndGlobalSection
EndGlobal
